// !$*UTF8*$!
{
	archiveVersion = 1;
	classes = {
	};
	objectVersion = 50;
	objects = {

/* Begin PBXBuildFile section */
		560637DC24697F2D00BAE0D5 /* MainProgram.C in Sources */ = {isa = PBXBuildFile; fileRef = 560637D424697F2D00BAE0D5 /* MainProgram.C */; };
		560637E4246C73D300BAE0D5 /* InOut.cpp in Sources */ = {isa = PBXBuildFile; fileRef = 560637E2246C73D300BAE0D5 /* InOut.cpp */; };
		56BDDC632487C646003AED54 /* EvalEvolution.cpp in Sources */ = {isa = PBXBuildFile; fileRef = 56BDDC612487C646003AED54 /* EvalEvolution.cpp */; };
		56BDDC662487D4A1003AED54 /* Dissolution.cpp in Sources */ = {isa = PBXBuildFile; fileRef = 56BDDC642487D4A1003AED54 /* Dissolution.cpp */; };
		56BDDC692487D530003AED54 /* Mechanism.cpp in Sources */ = {isa = PBXBuildFile; fileRef = 56BDDC672487D530003AED54 /* Mechanism.cpp */; };
		56BDDC6C2487DBF5003AED54 /* Sample.cpp in Sources */ = {isa = PBXBuildFile; fileRef = 56BDDC6A2487DBF5003AED54 /* Sample.cpp */; };
		56BDDC6F2487F15A003AED54 /* Nucleation.cpp in Sources */ = {isa = PBXBuildFile; fileRef = 56BDDC6D2487F15A003AED54 /* Nucleation.cpp */; };
		56BDDC722487F251003AED54 /* Precipitation.cpp in Sources */ = {isa = PBXBuildFile; fileRef = 56BDDC702487F251003AED54 /* Precipitation.cpp */; };
		56BDDC75248818D1003AED54 /* Growth.cpp in Sources */ = {isa = PBXBuildFile; fileRef = 56BDDC73248818D1003AED54 /* Growth.cpp */; };
		56BDDC7824882454003AED54 /* Diffusion.cpp in Sources */ = {isa = PBXBuildFile; fileRef = 56BDDC7624882454003AED54 /* Diffusion.cpp */; };
		56BDDC7B248826FD003AED54 /* HNGD.cpp in Sources */ = {isa = PBXBuildFile; fileRef = 56BDDC79248826FD003AED54 /* HNGD.cpp */; };
/* End PBXBuildFile section */

/* Begin PBXCopyFilesBuildPhase section */
		560637C824697ECF00BAE0D5 /* CopyFiles */ = {
			isa = PBXCopyFilesBuildPhase;
			buildActionMask = 2147483647;
			dstPath = /usr/share/man/man1/;
			dstSubfolderSpec = 0;
			files = (
			);
			runOnlyForDeploymentPostprocessing = 1;
		};
/* End PBXCopyFilesBuildPhase section */

/* Begin PBXFileReference section */
		560637CA24697ECF00BAE0D5 /* HNGD_Xcode */ = {isa = PBXFileReference; explicitFileType = "compiled.mach-o.executable"; includeInIndex = 0; path = HNGD_Xcode; sourceTree = BUILT_PRODUCTS_DIR; };
		560637D424697F2D00BAE0D5 /* MainProgram.C */ = {isa = PBXFileReference; fileEncoding = 4; indentWidth = 2; lastKnownFileType = sourcecode.cpp.cpp; path = MainProgram.C; sourceTree = "<group>"; tabWidth = 2; };
		560637E2246C73D300BAE0D5 /* InOut.cpp */ = {isa = PBXFileReference; lastKnownFileType = sourcecode.cpp.cpp; path = InOut.cpp; sourceTree = "<group>"; };
		560637E3246C73D300BAE0D5 /* InOut.hpp */ = {isa = PBXFileReference; lastKnownFileType = sourcecode.cpp.h; path = InOut.hpp; sourceTree = "<group>"; };
		562B5B6224E4161D00AE9F13 /* README.txt */ = {isa = PBXFileReference; lastKnownFileType = text; path = README.txt; sourceTree = "<group>"; };
		562B5B6324EAA92600AE9F13 /* README.pdf */ = {isa = PBXFileReference; lastKnownFileType = image.pdf; path = README.pdf; sourceTree = "<group>"; };
		562B5B6424EAA92600AE9F13 /* zelda.mp3 */ = {isa = PBXFileReference; lastKnownFileType = audio.mp3; path = zelda.mp3; sourceTree = "<group>"; };
		56BDDC612487C646003AED54 /* EvalEvolution.cpp */ = {isa = PBXFileReference; fileEncoding = 4; lastKnownFileType = sourcecode.cpp.cpp; path = EvalEvolution.cpp; sourceTree = "<group>"; };
		56BDDC622487C646003AED54 /* EvalEvolution.hpp */ = {isa = PBXFileReference; fileEncoding = 4; lastKnownFileType = sourcecode.cpp.h; path = EvalEvolution.hpp; sourceTree = "<group>"; };
		56BDDC642487D4A1003AED54 /* Dissolution.cpp */ = {isa = PBXFileReference; lastKnownFileType = sourcecode.cpp.cpp; path = Dissolution.cpp; sourceTree = "<group>"; };
		56BDDC652487D4A1003AED54 /* Dissolution.hpp */ = {isa = PBXFileReference; lastKnownFileType = sourcecode.cpp.h; path = Dissolution.hpp; sourceTree = "<group>"; };
		56BDDC672487D530003AED54 /* Mechanism.cpp */ = {isa = PBXFileReference; lastKnownFileType = sourcecode.cpp.cpp; path = Mechanism.cpp; sourceTree = "<group>"; };
		56BDDC682487D530003AED54 /* Mechanism.hpp */ = {isa = PBXFileReference; lastKnownFileType = sourcecode.cpp.h; path = Mechanism.hpp; sourceTree = "<group>"; };
		56BDDC6A2487DBF5003AED54 /* Sample.cpp */ = {isa = PBXFileReference; lastKnownFileType = sourcecode.cpp.cpp; path = Sample.cpp; sourceTree = "<group>"; };
		56BDDC6B2487DBF5003AED54 /* Sample.hpp */ = {isa = PBXFileReference; lastKnownFileType = sourcecode.cpp.h; path = Sample.hpp; sourceTree = "<group>"; };
		56BDDC6D2487F15A003AED54 /* Nucleation.cpp */ = {isa = PBXFileReference; lastKnownFileType = sourcecode.cpp.cpp; path = Nucleation.cpp; sourceTree = "<group>"; };
		56BDDC6E2487F15A003AED54 /* Nucleation.hpp */ = {isa = PBXFileReference; lastKnownFileType = sourcecode.cpp.h; path = Nucleation.hpp; sourceTree = "<group>"; };
		56BDDC702487F251003AED54 /* Precipitation.cpp */ = {isa = PBXFileReference; lastKnownFileType = sourcecode.cpp.cpp; path = Precipitation.cpp; sourceTree = "<group>"; };
		56BDDC712487F251003AED54 /* Precipitation.hpp */ = {isa = PBXFileReference; lastKnownFileType = sourcecode.cpp.h; path = Precipitation.hpp; sourceTree = "<group>"; };
		56BDDC73248818D1003AED54 /* Growth.cpp */ = {isa = PBXFileReference; lastKnownFileType = sourcecode.cpp.cpp; path = Growth.cpp; sourceTree = "<group>"; };
		56BDDC74248818D1003AED54 /* Growth.hpp */ = {isa = PBXFileReference; lastKnownFileType = sourcecode.cpp.h; path = Growth.hpp; sourceTree = "<group>"; };
		56BDDC7624882454003AED54 /* Diffusion.cpp */ = {isa = PBXFileReference; lastKnownFileType = sourcecode.cpp.cpp; path = Diffusion.cpp; sourceTree = "<group>"; };
		56BDDC7724882454003AED54 /* Diffusion.hpp */ = {isa = PBXFileReference; lastKnownFileType = sourcecode.cpp.h; path = Diffusion.hpp; sourceTree = "<group>"; };
		56BDDC79248826FD003AED54 /* HNGD.cpp */ = {isa = PBXFileReference; lastKnownFileType = sourcecode.cpp.cpp; path = HNGD.cpp; sourceTree = "<group>"; };
		56BDDC7A248826FD003AED54 /* HNGD.hpp */ = {isa = PBXFileReference; lastKnownFileType = sourcecode.cpp.h; path = HNGD.hpp; sourceTree = "<group>"; };
		56BDDC7C248908B3003AED54 /* PhysicsConstants.h */ = {isa = PBXFileReference; lastKnownFileType = sourcecode.c.h; path = PhysicsConstants.h; sourceTree = "<group>"; };
/* End PBXFileReference section */

/* Begin PBXFrameworksBuildPhase section */
		560637C724697ECF00BAE0D5 /* Frameworks */ = {
			isa = PBXFrameworksBuildPhase;
			buildActionMask = 2147483647;
			files = (
			);
			runOnlyForDeploymentPostprocessing = 0;
		};
/* End PBXFrameworksBuildPhase section */

/* Begin PBXGroup section */
		560637C124697ECF00BAE0D5 = {
			isa = PBXGroup;
			children = (
				560637CC24697ECF00BAE0D5 /* HNGD_Xcode */,
				560637CB24697ECF00BAE0D5 /* Products */,
			);
			sourceTree = "<group>";
		};
		560637CB24697ECF00BAE0D5 /* Products */ = {
			isa = PBXGroup;
			children = (
				560637CA24697ECF00BAE0D5 /* HNGD_Xcode */,
			);
			name = Products;
			sourceTree = "<group>";
		};
		560637CC24697ECF00BAE0D5 /* HNGD_Xcode */ = {
			isa = PBXGroup;
			children = (
				562B5B6324EAA92600AE9F13 /* README.pdf */,
				562B5B6424EAA92600AE9F13 /* zelda.mp3 */,
				56383760248E7AF500596C98 /* inc */,
				5638375F248E7ACD00596C98 /* src */,
				562B5B6224E4161D00AE9F13 /* README.txt */,
			);
			path = HNGD_Xcode;
			sourceTree = "<group>";
		};
		5638375F248E7ACD00596C98 /* src */ = {
			isa = PBXGroup;
			children = (
				56BDDC7624882454003AED54 /* Diffusion.cpp */,
				56BDDC642487D4A1003AED54 /* Dissolution.cpp */,
				56BDDC612487C646003AED54 /* EvalEvolution.cpp */,
				56BDDC73248818D1003AED54 /* Growth.cpp */,
				56BDDC79248826FD003AED54 /* HNGD.cpp */,
				560637E2246C73D300BAE0D5 /* InOut.cpp */,
				560637D424697F2D00BAE0D5 /* MainProgram.C */,
				56BDDC672487D530003AED54 /* Mechanism.cpp */,
				56BDDC6D2487F15A003AED54 /* Nucleation.cpp */,
				56BDDC702487F251003AED54 /* Precipitation.cpp */,
				56BDDC6A2487DBF5003AED54 /* Sample.cpp */,
			);
			path = src;
			sourceTree = "<group>";
		};
		56383760248E7AF500596C98 /* inc */ = {
			isa = PBXGroup;
			children = (
				56BDDC7724882454003AED54 /* Diffusion.hpp */,
				56BDDC652487D4A1003AED54 /* Dissolution.hpp */,
				56BDDC622487C646003AED54 /* EvalEvolution.hpp */,
				56BDDC74248818D1003AED54 /* Growth.hpp */,
				56BDDC7A248826FD003AED54 /* HNGD.hpp */,
				560637E3246C73D300BAE0D5 /* InOut.hpp */,
				56BDDC682487D530003AED54 /* Mechanism.hpp */,
				56BDDC6E2487F15A003AED54 /* Nucleation.hpp */,
				56BDDC7C248908B3003AED54 /* PhysicsConstants.h */,
				56BDDC712487F251003AED54 /* Precipitation.hpp */,
				56BDDC6B2487DBF5003AED54 /* Sample.hpp */,
			);
			path = inc;
			sourceTree = "<group>";
		};
/* End PBXGroup section */

/* Begin PBXNativeTarget section */
		560637C924697ECF00BAE0D5 /* HNGD_Xcode */ = {
			isa = PBXNativeTarget;
			buildConfigurationList = 560637D124697ECF00BAE0D5 /* Build configuration list for PBXNativeTarget "HNGD_Xcode" */;
			buildPhases = (
				560637C624697ECF00BAE0D5 /* Sources */,
				560637C724697ECF00BAE0D5 /* Frameworks */,
				560637C824697ECF00BAE0D5 /* CopyFiles */,
			);
			buildRules = (
			);
			dependencies = (
			);
			name = HNGD_Xcode;
			productName = HNGD_Xcode;
			productReference = 560637CA24697ECF00BAE0D5 /* HNGD_Xcode */;
			productType = "com.apple.product-type.tool";
		};
/* End PBXNativeTarget section */

/* Begin PBXProject section */
		560637C224697ECF00BAE0D5 /* Project object */ = {
			isa = PBXProject;
			attributes = {
				LastUpgradeCheck = 1130;
				ORGANIZATIONNAME = "Passelaigue, Florian";
				TargetAttributes = {
					560637C924697ECF00BAE0D5 = {
						CreatedOnToolsVersion = 11.3.1;
					};
				};
			};
			buildConfigurationList = 560637C524697ECF00BAE0D5 /* Build configuration list for PBXProject "HNGD_Xcode" */;
			compatibilityVersion = "Xcode 9.3";
			developmentRegion = en;
			hasScannedForEncodings = 0;
			knownRegions = (
				en,
				Base,
			);
			mainGroup = 560637C124697ECF00BAE0D5;
			productRefGroup = 560637CB24697ECF00BAE0D5 /* Products */;
			projectDirPath = "";
			projectRoot = "";
			targets = (
				560637C924697ECF00BAE0D5 /* HNGD_Xcode */,
			);
		};
/* End PBXProject section */

/* Begin PBXSourcesBuildPhase section */
		560637C624697ECF00BAE0D5 /* Sources */ = {
			isa = PBXSourcesBuildPhase;
			buildActionMask = 2147483647;
			files = (
				560637E4246C73D300BAE0D5 /* InOut.cpp in Sources */,
				56BDDC6F2487F15A003AED54 /* Nucleation.cpp in Sources */,
				56BDDC6C2487DBF5003AED54 /* Sample.cpp in Sources */,
				56BDDC662487D4A1003AED54 /* Dissolution.cpp in Sources */,
				56BDDC7824882454003AED54 /* Diffusion.cpp in Sources */,
				560637DC24697F2D00BAE0D5 /* MainProgram.C in Sources */,
				56BDDC7B248826FD003AED54 /* HNGD.cpp in Sources */,
				56BDDC722487F251003AED54 /* Precipitation.cpp in Sources */,
				56BDDC632487C646003AED54 /* EvalEvolution.cpp in Sources */,
				56BDDC75248818D1003AED54 /* Growth.cpp in Sources */,
				56BDDC692487D530003AED54 /* Mechanism.cpp in Sources */,
			);
			runOnlyForDeploymentPostprocessing = 0;
		};
/* End PBXSourcesBuildPhase section */

/* Begin XCBuildConfiguration section */
		560637CF24697ECF00BAE0D5 /* Debug */ = {
			isa = XCBuildConfiguration;
			buildSettings = {
				ALWAYS_SEARCH_USER_PATHS = NO;
				CLANG_ANALYZER_NONNULL = YES;
				CLANG_ANALYZER_NUMBER_OBJECT_CONVERSION = YES_AGGRESSIVE;
				CLANG_CXX_LANGUAGE_STANDARD = "gnu++14";
				CLANG_CXX_LIBRARY = "libc++";
				CLANG_ENABLE_MODULES = YES;
				CLANG_ENABLE_OBJC_ARC = YES;
				CLANG_ENABLE_OBJC_WEAK = YES;
				CLANG_WARN_BLOCK_CAPTURE_AUTORELEASING = YES;
				CLANG_WARN_BOOL_CONVERSION = YES;
				CLANG_WARN_COMMA = YES;
				CLANG_WARN_CONSTANT_CONVERSION = YES;
				CLANG_WARN_DEPRECATED_OBJC_IMPLEMENTATIONS = YES;
				CLANG_WARN_DIRECT_OBJC_ISA_USAGE = YES_ERROR;
				CLANG_WARN_DOCUMENTATION_COMMENTS = YES;
				CLANG_WARN_EMPTY_BODY = YES;
				CLANG_WARN_ENUM_CONVERSION = YES;
				CLANG_WARN_INFINITE_RECURSION = YES;
				CLANG_WARN_INT_CONVERSION = YES;
				CLANG_WARN_NON_LITERAL_NULL_CONVERSION = YES;
				CLANG_WARN_OBJC_IMPLICIT_RETAIN_SELF = YES;
				CLANG_WARN_OBJC_LITERAL_CONVERSION = YES;
				CLANG_WARN_OBJC_ROOT_CLASS = YES_ERROR;
				CLANG_WARN_RANGE_LOOP_ANALYSIS = YES;
				CLANG_WARN_STRICT_PROTOTYPES = YES;
				CLANG_WARN_SUSPICIOUS_MOVE = YES;
				CLANG_WARN_UNGUARDED_AVAILABILITY = YES_AGGRESSIVE;
				CLANG_WARN_UNREACHABLE_CODE = YES;
				CLANG_WARN__DUPLICATE_METHOD_MATCH = YES;
				COPY_PHASE_STRIP = NO;
				DEBUG_INFORMATION_FORMAT = dwarf;
				ENABLE_STRICT_OBJC_MSGSEND = YES;
				ENABLE_TESTABILITY = YES;
				GCC_C_LANGUAGE_STANDARD = gnu11;
				GCC_DYNAMIC_NO_PIC = NO;
				GCC_NO_COMMON_BLOCKS = YES;
				GCC_OPTIMIZATION_LEVEL = 0;
				GCC_PREPROCESSOR_DEFINITIONS = (
					"DEBUG=1",
					"$(inherited)",
				);
				GCC_WARN_64_TO_32_BIT_CONVERSION = YES;
				GCC_WARN_ABOUT_RETURN_TYPE = YES_ERROR;
				GCC_WARN_UNDECLARED_SELECTOR = YES;
				GCC_WARN_UNINITIALIZED_AUTOS = YES_AGGRESSIVE;
				GCC_WARN_UNUSED_FUNCTION = YES;
				GCC_WARN_UNUSED_VARIABLE = YES;
				MACOSX_DEPLOYMENT_TARGET = 10.14;
				MTL_ENABLE_DEBUG_INFO = INCLUDE_SOURCE;
				MTL_FAST_MATH = YES;
				ONLY_ACTIVE_ARCH = YES;
				SDKROOT = macosx;
			};
			name = Debug;
		};
		560637D024697ECF00BAE0D5 /* Release */ = {
			isa = XCBuildConfiguration;
			buildSettings = {
				ALWAYS_SEARCH_USER_PATHS = NO;
				CLANG_ANALYZER_NONNULL = YES;
				CLANG_ANALYZER_NUMBER_OBJECT_CONVERSION = YES_AGGRESSIVE;
				CLANG_CXX_LANGUAGE_STANDARD = "gnu++14";
				CLANG_CXX_LIBRARY = "libc++";
				CLANG_ENABLE_MODULES = YES;
				CLANG_ENABLE_OBJC_ARC = YES;
				CLANG_ENABLE_OBJC_WEAK = YES;
				CLANG_WARN_BLOCK_CAPTURE_AUTORELEASING = YES;
				CLANG_WARN_BOOL_CONVERSION = YES;
				CLANG_WARN_COMMA = YES;
				CLANG_WARN_CONSTANT_CONVERSION = YES;
				CLANG_WARN_DEPRECATED_OBJC_IMPLEMENTATIONS = YES;
				CLANG_WARN_DIRECT_OBJC_ISA_USAGE = YES_ERROR;
				CLANG_WARN_DOCUMENTATION_COMMENTS = YES;
				CLANG_WARN_EMPTY_BODY = YES;
				CLANG_WARN_ENUM_CONVERSION = YES;
				CLANG_WARN_INFINITE_RECURSION = YES;
				CLANG_WARN_INT_CONVERSION = YES;
				CLANG_WARN_NON_LITERAL_NULL_CONVERSION = YES;
				CLANG_WARN_OBJC_IMPLICIT_RETAIN_SELF = YES;
				CLANG_WARN_OBJC_LITERAL_CONVERSION = YES;
				CLANG_WARN_OBJC_ROOT_CLASS = YES_ERROR;
				CLANG_WARN_RANGE_LOOP_ANALYSIS = YES;
				CLANG_WARN_STRICT_PROTOTYPES = YES;
				CLANG_WARN_SUSPICIOUS_MOVE = YES;
				CLANG_WARN_UNGUARDED_AVAILABILITY = YES_AGGRESSIVE;
				CLANG_WARN_UNREACHABLE_CODE = YES;
				CLANG_WARN__DUPLICATE_METHOD_MATCH = YES;
				COPY_PHASE_STRIP = NO;
				DEBUG_INFORMATION_FORMAT = "dwarf-with-dsym";
				ENABLE_NS_ASSERTIONS = NO;
				ENABLE_STRICT_OBJC_MSGSEND = YES;
				GCC_C_LANGUAGE_STANDARD = gnu11;
				GCC_NO_COMMON_BLOCKS = YES;
				GCC_WARN_64_TO_32_BIT_CONVERSION = YES;
				GCC_WARN_ABOUT_RETURN_TYPE = YES_ERROR;
				GCC_WARN_UNDECLARED_SELECTOR = YES;
				GCC_WARN_UNINITIALIZED_AUTOS = YES_AGGRESSIVE;
				GCC_WARN_UNUSED_FUNCTION = YES;
				GCC_WARN_UNUSED_VARIABLE = YES;
				MACOSX_DEPLOYMENT_TARGET = 10.14;
				MTL_ENABLE_DEBUG_INFO = NO;
				MTL_FAST_MATH = YES;
				SDKROOT = macosx;
			};
			name = Release;
		};
		560637D224697ECF00BAE0D5 /* Debug */ = {
			isa = XCBuildConfiguration;
			buildSettings = {
				CODE_SIGN_STYLE = Automatic;
				PRODUCT_NAME = "$(TARGET_NAME)";
			};
			name = Debug;
		};
		560637D324697ECF00BAE0D5 /* Release */ = {
			isa = XCBuildConfiguration;
			buildSettings = {
				CODE_SIGN_STYLE = Automatic;
				PRODUCT_NAME = "$(TARGET_NAME)";
			};
			name = Release;
		};
/* End XCBuildConfiguration section */

/* Begin XCConfigurationList section */
		560637C524697ECF00BAE0D5 /* Build configuration list for PBXProject "HNGD_Xcode" */ = {
			isa = XCConfigurationList;
			buildConfigurations = (
				560637CF24697ECF00BAE0D5 /* Debug */,
				560637D024697ECF00BAE0D5 /* Release */,
			);
			defaultConfigurationIsVisible = 0;
			defaultConfigurationName = Release;
		};
		560637D124697ECF00BAE0D5 /* Build configuration list for PBXNativeTarget "HNGD_Xcode" */ = {
			isa = XCConfigurationList;
			buildConfigurations = (
				560637D224697ECF00BAE0D5 /* Debug */,
				560637D324697ECF00BAE0D5 /* Release */,
			);
			defaultConfigurationIsVisible = 0;
			defaultConfigurationName = Release;
		};
/* End XCConfigurationList section */
	};
	rootObject = 560637C224697ECF00BAE0D5 /* Project object */;
}
