// !$*UTF8*$!
{
	archiveVersion = 1;
	classes = {
	};
	objectVersion = 50;
	objects = {

/* Begin PBXBuildFile section */
		560637DC24697F2D00BAE0D5 /* MainProgram.C in Sources */ = {isa = PBXBuildFile; fileRef = 560637D424697F2D00BAE0D5 /* MainProgram.C */; };
		560637DD24697F2D00BAE0D5 /* HydrogenBehaviorModel.C in Sources */ = {isa = PBXBuildFile; fileRef = 560637DB24697F2D00BAE0D5 /* HydrogenBehaviorModel.C */; };
		560637E4246C73D300BAE0D5 /* InOut.cpp in Sources */ = {isa = PBXBuildFile; fileRef = 560637E2246C73D300BAE0D5 /* InOut.cpp */; };
		56BDDC632487C646003AED54 /* EvalEvolution.cpp in Sources */ = {isa = PBXBuildFile; fileRef = 56BDDC612487C646003AED54 /* EvalEvolution.cpp */; };
/* End PBXBuildFile section */

/* Begin PBXCopyFilesBuildPhase section */
		560637C824697ECF00BAE0D5 /* CopyFiles */ = {
			isa = PBXCopyFilesBuildPhase;
			buildActionMask = 2147483647;
			dstPath = /usr/share/man/man1/;
			dstSubfolderSpec = 0;
			files = (
			);
			runOnlyForDeploymentPostprocessing = 1;
		};
/* End PBXCopyFilesBuildPhase section */

/* Begin PBXFileReference section */
		560637CA24697ECF00BAE0D5 /* HNGD_Xcode */ = {isa = PBXFileReference; explicitFileType = "compiled.mach-o.executable"; includeInIndex = 0; path = HNGD_Xcode; sourceTree = BUILT_PRODUCTS_DIR; };
		560637D424697F2D00BAE0D5 /* MainProgram.C */ = {isa = PBXFileReference; fileEncoding = 4; indentWidth = 2; lastKnownFileType = sourcecode.cpp.cpp; path = MainProgram.C; sourceTree = "<group>"; tabWidth = 2; };
		560637D524697F2D00BAE0D5 /* 3_physics.txt */ = {isa = PBXFileReference; fileEncoding = 4; lastKnownFileType = text; path = 3_physics.txt; sourceTree = "<group>"; };
		560637D624697F2D00BAE0D5 /* 1_settings.txt */ = {isa = PBXFileReference; fileEncoding = 4; lastKnownFileType = text; path = 1_settings.txt; sourceTree = "<group>"; };
		560637D724697F2D00BAE0D5 /* HydrogenBehaviorModel.h */ = {isa = PBXFileReference; fileEncoding = 4; lastKnownFileType = sourcecode.c.h; path = HydrogenBehaviorModel.h; sourceTree = "<group>"; };
		560637D824697F2D00BAE0D5 /* 2_temperature.txt */ = {isa = PBXFileReference; fileEncoding = 4; lastKnownFileType = text; path = 2_temperature.txt; sourceTree = "<group>"; };
		560637D924697F2D00BAE0D5 /* input_check.txt */ = {isa = PBXFileReference; fileEncoding = 4; lastKnownFileType = text; path = input_check.txt; sourceTree = "<group>"; };
		560637DA24697F2D00BAE0D5 /* 4_hydrogen.txt */ = {isa = PBXFileReference; fileEncoding = 4; lastKnownFileType = text; path = 4_hydrogen.txt; sourceTree = "<group>"; };
		560637DB24697F2D00BAE0D5 /* HydrogenBehaviorModel.C */ = {isa = PBXFileReference; fileEncoding = 4; indentWidth = 2; lastKnownFileType = sourcecode.cpp.cpp; path = HydrogenBehaviorModel.C; sourceTree = "<group>"; tabWidth = 2; };
		560637E2246C73D300BAE0D5 /* InOut.cpp */ = {isa = PBXFileReference; lastKnownFileType = sourcecode.cpp.cpp; path = InOut.cpp; sourceTree = "<group>"; };
		560637E3246C73D300BAE0D5 /* InOut.hpp */ = {isa = PBXFileReference; lastKnownFileType = sourcecode.cpp.h; path = InOut.hpp; sourceTree = "<group>"; };
		56BDDC612487C646003AED54 /* EvalEvolution.cpp */ = {isa = PBXFileReference; fileEncoding = 4; lastKnownFileType = sourcecode.cpp.cpp; path = EvalEvolution.cpp; sourceTree = "<group>"; };
		56BDDC622487C646003AED54 /* EvalEvolution.hpp */ = {isa = PBXFileReference; fileEncoding = 4; lastKnownFileType = sourcecode.cpp.h; path = EvalEvolution.hpp; sourceTree = "<group>"; };
/* End PBXFileReference section */

/* Begin PBXFrameworksBuildPhase section */
		560637C724697ECF00BAE0D5 /* Frameworks */ = {
			isa = PBXFrameworksBuildPhase;
			buildActionMask = 2147483647;
			files = (
			);
			runOnlyForDeploymentPostprocessing = 0;
		};
/* End PBXFrameworksBuildPhase section */

/* Begin PBXGroup section */
		560637C124697ECF00BAE0D5 = {
			isa = PBXGroup;
			children = (
				560637CC24697ECF00BAE0D5 /* HNGD_Xcode */,
				560637CB24697ECF00BAE0D5 /* Products */,
			);
			sourceTree = "<group>";
		};
		560637CB24697ECF00BAE0D5 /* Products */ = {
			isa = PBXGroup;
			children = (
				560637CA24697ECF00BAE0D5 /* HNGD_Xcode */,
			);
			name = Products;
			sourceTree = "<group>";
		};
		560637CC24697ECF00BAE0D5 /* HNGD_Xcode */ = {
			isa = PBXGroup;
			children = (
				56BDDC612487C646003AED54 /* EvalEvolution.cpp */,
				56BDDC622487C646003AED54 /* EvalEvolution.hpp */,
				560637D624697F2D00BAE0D5 /* 1_settings.txt */,
				560637D824697F2D00BAE0D5 /* 2_temperature.txt */,
				560637D524697F2D00BAE0D5 /* 3_physics.txt */,
				560637DA24697F2D00BAE0D5 /* 4_hydrogen.txt */,
				560637DB24697F2D00BAE0D5 /* HydrogenBehaviorModel.C */,
				560637D724697F2D00BAE0D5 /* HydrogenBehaviorModel.h */,
				560637D924697F2D00BAE0D5 /* input_check.txt */,
				560637D424697F2D00BAE0D5 /* MainProgram.C */,
				560637E2246C73D300BAE0D5 /* InOut.cpp */,
				560637E3246C73D300BAE0D5 /* InOut.hpp */,
			);
			path = HNGD_Xcode;
			sourceTree = "<group>";
		};
/* End PBXGroup section */

/* Begin PBXNativeTarget section */
		560637C924697ECF00BAE0D5 /* HNGD_Xcode */ = {
			isa = PBXNativeTarget;
			buildConfigurationList = 560637D124697ECF00BAE0D5 /* Build configuration list for PBXNativeTarget "HNGD_Xcode" */;
			buildPhases = (
				560637C624697ECF00BAE0D5 /* Sources */,
				560637C724697ECF00BAE0D5 /* Frameworks */,
				560637C824697ECF00BAE0D5 /* CopyFiles */,
			);
			buildRules = (
			);
			dependencies = (
			);
			name = HNGD_Xcode;
			productName = HNGD_Xcode;
			productReference = 560637CA24697ECF00BAE0D5 /* HNGD_Xcode */;
			productType = "com.apple.product-type.tool";
		};
/* End PBXNativeTarget section */

/* Begin PBXProject section */
		560637C224697ECF00BAE0D5 /* Project object */ = {
			isa = PBXProject;
			attributes = {
				LastUpgradeCheck = 1130;
				ORGANIZATIONNAME = "Passelaigue, Florian";
				TargetAttributes = {
					560637C924697ECF00BAE0D5 = {
						CreatedOnToolsVersion = 11.3.1;
					};
				};
			};
			buildConfigurationList = 560637C524697ECF00BAE0D5 /* Build configuration list for PBXProject "HNGD_Xcode" */;
			compatibilityVersion = "Xcode 9.3";
			developmentRegion = en;
			hasScannedForEncodings = 0;
			knownRegions = (
				en,
				Base,
			);
			mainGroup = 560637C124697ECF00BAE0D5;
			productRefGroup = 560637CB24697ECF00BAE0D5 /* Products */;
			projectDirPath = "";
			projectRoot = "";
			targets = (
				560637C924697ECF00BAE0D5 /* HNGD_Xcode */,
			);
		};
/* End PBXProject section */

/* Begin PBXSourcesBuildPhase section */
		560637C624697ECF00BAE0D5 /* Sources */ = {
			isa = PBXSourcesBuildPhase;
			buildActionMask = 2147483647;
			files = (
				560637E4246C73D300BAE0D5 /* InOut.cpp in Sources */,
				560637DC24697F2D00BAE0D5 /* MainProgram.C in Sources */,
				560637DD24697F2D00BAE0D5 /* HydrogenBehaviorModel.C in Sources */,
				56BDDC632487C646003AED54 /* EvalEvolution.cpp in Sources */,
			);
			runOnlyForDeploymentPostprocessing = 0;
		};
/* End PBXSourcesBuildPhase section */

/* Begin XCBuildConfiguration section */
		560637CF24697ECF00BAE0D5 /* Debug */ = {
			isa = XCBuildConfiguration;
			buildSettings = {
				ALWAYS_SEARCH_USER_PATHS = NO;
				CLANG_ANALYZER_NONNULL = YES;
				CLANG_ANALYZER_NUMBER_OBJECT_CONVERSION = YES_AGGRESSIVE;
				CLANG_CXX_LANGUAGE_STANDARD = "gnu++14";
				CLANG_CXX_LIBRARY = "libc++";
				CLANG_ENABLE_MODULES = YES;
				CLANG_ENABLE_OBJC_ARC = YES;
				CLANG_ENABLE_OBJC_WEAK = YES;
				CLANG_WARN_BLOCK_CAPTURE_AUTORELEASING = YES;
				CLANG_WARN_BOOL_CONVERSION = YES;
				CLANG_WARN_COMMA = YES;
				CLANG_WARN_CONSTANT_CONVERSION = YES;
				CLANG_WARN_DEPRECATED_OBJC_IMPLEMENTATIONS = YES;
				CLANG_WARN_DIRECT_OBJC_ISA_USAGE = YES_ERROR;
				CLANG_WARN_DOCUMENTATION_COMMENTS = YES;
				CLANG_WARN_EMPTY_BODY = YES;
				CLANG_WARN_ENUM_CONVERSION = YES;
				CLANG_WARN_INFINITE_RECURSION = YES;
				CLANG_WARN_INT_CONVERSION = YES;
				CLANG_WARN_NON_LITERAL_NULL_CONVERSION = YES;
				CLANG_WARN_OBJC_IMPLICIT_RETAIN_SELF = YES;
				CLANG_WARN_OBJC_LITERAL_CONVERSION = YES;
				CLANG_WARN_OBJC_ROOT_CLASS = YES_ERROR;
				CLANG_WARN_RANGE_LOOP_ANALYSIS = YES;
				CLANG_WARN_STRICT_PROTOTYPES = YES;
				CLANG_WARN_SUSPICIOUS_MOVE = YES;
				CLANG_WARN_UNGUARDED_AVAILABILITY = YES_AGGRESSIVE;
				CLANG_WARN_UNREACHABLE_CODE = YES;
				CLANG_WARN__DUPLICATE_METHOD_MATCH = YES;
				COPY_PHASE_STRIP = NO;
				DEBUG_INFORMATION_FORMAT = dwarf;
				ENABLE_STRICT_OBJC_MSGSEND = YES;
				ENABLE_TESTABILITY = YES;
				GCC_C_LANGUAGE_STANDARD = gnu11;
				GCC_DYNAMIC_NO_PIC = NO;
				GCC_NO_COMMON_BLOCKS = YES;
				GCC_OPTIMIZATION_LEVEL = 0;
				GCC_PREPROCESSOR_DEFINITIONS = (
					"DEBUG=1",
					"$(inherited)",
				);
				GCC_WARN_64_TO_32_BIT_CONVERSION = YES;
				GCC_WARN_ABOUT_RETURN_TYPE = YES_ERROR;
				GCC_WARN_UNDECLARED_SELECTOR = YES;
				GCC_WARN_UNINITIALIZED_AUTOS = YES_AGGRESSIVE;
				GCC_WARN_UNUSED_FUNCTION = YES;
				GCC_WARN_UNUSED_VARIABLE = YES;
				MACOSX_DEPLOYMENT_TARGET = 10.14;
				MTL_ENABLE_DEBUG_INFO = INCLUDE_SOURCE;
				MTL_FAST_MATH = YES;
				ONLY_ACTIVE_ARCH = YES;
				SDKROOT = macosx;
			};
			name = Debug;
		};
		560637D024697ECF00BAE0D5 /* Release */ = {
			isa = XCBuildConfiguration;
			buildSettings = {
				ALWAYS_SEARCH_USER_PATHS = NO;
				CLANG_ANALYZER_NONNULL = YES;
				CLANG_ANALYZER_NUMBER_OBJECT_CONVERSION = YES_AGGRESSIVE;
				CLANG_CXX_LANGUAGE_STANDARD = "gnu++14";
				CLANG_CXX_LIBRARY = "libc++";
				CLANG_ENABLE_MODULES = YES;
				CLANG_ENABLE_OBJC_ARC = YES;
				CLANG_ENABLE_OBJC_WEAK = YES;
				CLANG_WARN_BLOCK_CAPTURE_AUTORELEASING = YES;
				CLANG_WARN_BOOL_CONVERSION = YES;
				CLANG_WARN_COMMA = YES;
				CLANG_WARN_CONSTANT_CONVERSION = YES;
				CLANG_WARN_DEPRECATED_OBJC_IMPLEMENTATIONS = YES;
				CLANG_WARN_DIRECT_OBJC_ISA_USAGE = YES_ERROR;
				CLANG_WARN_DOCUMENTATION_COMMENTS = YES;
				CLANG_WARN_EMPTY_BODY = YES;
				CLANG_WARN_ENUM_CONVERSION = YES;
				CLANG_WARN_INFINITE_RECURSION = YES;
				CLANG_WARN_INT_CONVERSION = YES;
				CLANG_WARN_NON_LITERAL_NULL_CONVERSION = YES;
				CLANG_WARN_OBJC_IMPLICIT_RETAIN_SELF = YES;
				CLANG_WARN_OBJC_LITERAL_CONVERSION = YES;
				CLANG_WARN_OBJC_ROOT_CLASS = YES_ERROR;
				CLANG_WARN_RANGE_LOOP_ANALYSIS = YES;
				CLANG_WARN_STRICT_PROTOTYPES = YES;
				CLANG_WARN_SUSPICIOUS_MOVE = YES;
				CLANG_WARN_UNGUARDED_AVAILABILITY = YES_AGGRESSIVE;
				CLANG_WARN_UNREACHABLE_CODE = YES;
				CLANG_WARN__DUPLICATE_METHOD_MATCH = YES;
				COPY_PHASE_STRIP = NO;
				DEBUG_INFORMATION_FORMAT = "dwarf-with-dsym";
				ENABLE_NS_ASSERTIONS = NO;
				ENABLE_STRICT_OBJC_MSGSEND = YES;
				GCC_C_LANGUAGE_STANDARD = gnu11;
				GCC_NO_COMMON_BLOCKS = YES;
				GCC_WARN_64_TO_32_BIT_CONVERSION = YES;
				GCC_WARN_ABOUT_RETURN_TYPE = YES_ERROR;
				GCC_WARN_UNDECLARED_SELECTOR = YES;
				GCC_WARN_UNINITIALIZED_AUTOS = YES_AGGRESSIVE;
				GCC_WARN_UNUSED_FUNCTION = YES;
				GCC_WARN_UNUSED_VARIABLE = YES;
				MACOSX_DEPLOYMENT_TARGET = 10.14;
				MTL_ENABLE_DEBUG_INFO = NO;
				MTL_FAST_MATH = YES;
				SDKROOT = macosx;
			};
			name = Release;
		};
		560637D224697ECF00BAE0D5 /* Debug */ = {
			isa = XCBuildConfiguration;
			buildSettings = {
				CODE_SIGN_STYLE = Automatic;
				PRODUCT_NAME = "$(TARGET_NAME)";
			};
			name = Debug;
		};
		560637D324697ECF00BAE0D5 /* Release */ = {
			isa = XCBuildConfiguration;
			buildSettings = {
				CODE_SIGN_STYLE = Automatic;
				PRODUCT_NAME = "$(TARGET_NAME)";
			};
			name = Release;
		};
/* End XCBuildConfiguration section */

/* Begin XCConfigurationList section */
		560637C524697ECF00BAE0D5 /* Build configuration list for PBXProject "HNGD_Xcode" */ = {
			isa = XCConfigurationList;
			buildConfigurations = (
				560637CF24697ECF00BAE0D5 /* Debug */,
				560637D024697ECF00BAE0D5 /* Release */,
			);
			defaultConfigurationIsVisible = 0;
			defaultConfigurationName = Release;
		};
		560637D124697ECF00BAE0D5 /* Build configuration list for PBXNativeTarget "HNGD_Xcode" */ = {
			isa = XCConfigurationList;
			buildConfigurations = (
				560637D224697ECF00BAE0D5 /* Debug */,
				560637D324697ECF00BAE0D5 /* Release */,
			);
			defaultConfigurationIsVisible = 0;
			defaultConfigurationName = Release;
		};
/* End XCConfigurationList section */
	};
	rootObject = 560637C224697ECF00BAE0D5 /* Project object */;
}
